
Microsoft Visual Studio Solution File, Format Version 12.00
# Visual Studio Version 17
VisualStudioVersion = 17.12.35323.107
MinimumVisualStudioVersion = 10.0.40219.1
Project("{FAE04EC0-301F-11D3-BF4B-00C04F79EFBC}") = "ErrorHandlingApplication", "ErrorHandlingApplication\ErrorHandlingApplication.csproj", "{37DD8754-9F6F-44A9-AFD0-EAB4612D567A}"
EndProject
Global
	GlobalSection(SolutionConfigurationPlatforms) = preSolution
		Debug|Any CPU = Debug|Any CPU
		Release|Any CPU = Release|Any CPU
	EndGlobalSection
	GlobalSection(ProjectConfigurationPlatforms) = postSolution
		{37DD8754-9F6F-44A9-AFD0-EAB4612D567A}.Debug|Any CPU.ActiveCfg = Debug|Any CPU
		{37DD8754-9F6F-44A9-AFD0-EAB4612D567A}.Debug|Any CPU.Build.0 = Debug|Any CPU
		{37DD8754-9F6F-44A9-AFD0-EAB4612D567A}.Release|Any CPU.ActiveCfg = Release|Any CPU
		{37DD8754-9F6F-44A9-AFD0-EAB4612D567A}.Release|Any CPU.Build.0 = Release|Any CPU
	EndGlobalSection
	GlobalSection(SolutionProperties) = preSolution
		HideSolutionNode = FALSE
	EndGlobalSection
	GlobalSection(ExtensibilityGlobals) = postSolution
		SolutionGuid = {E37F3FB2-5821-4A8A-A284-CF04B6D245D2}
	EndGlobalSection
EndGlobal
